// !$*UTF8*$!
{
	archiveVersion = 1;
	classes = {
	};
	objectVersion = 56;
	objects = {

/* Begin PBXBuildFile section */
		B34AA01F2BA431D00069CDCB /* LoginView.swift in Sources */ = {isa = PBXBuildFile; fileRef = B34AA01E2BA431D00069CDCB /* LoginView.swift */; };
		B34AA0212BA43E850069CDCB /* Constants.swift in Sources */ = {isa = PBXBuildFile; fileRef = B34AA0202BA43E850069CDCB /* Constants.swift */; };
		B39F8F5F2BA4B58B0075B529 /* RegNicknameView.swift in Sources */ = {isa = PBXBuildFile; fileRef = B39F8F5E2BA4B58B0075B529 /* RegNicknameView.swift */; };
		B39F8F612BA4B5980075B529 /* RegBirthdayView.swift in Sources */ = {isa = PBXBuildFile; fileRef = B39F8F602BA4B5980075B529 /* RegBirthdayView.swift */; };
		B39F8F632BA4B5A40075B529 /* RegProfileView.swift in Sources */ = {isa = PBXBuildFile; fileRef = B39F8F622BA4B5A40075B529 /* RegProfileView.swift */; };
		B39F8F652BA4B5AD0075B529 /* RegTermView.swift in Sources */ = {isa = PBXBuildFile; fileRef = B39F8F642BA4B5AD0075B529 /* RegTermView.swift */; };
		B39F8F672BA4B5B90075B529 /* RegEndingView.swift in Sources */ = {isa = PBXBuildFile; fileRef = B39F8F662BA4B5B90075B529 /* RegEndingView.swift */; };
		B39F8F6A2BA569470075B529 /* StandardTextField.swift in Sources */ = {isa = PBXBuildFile; fileRef = B39F8F692BA569470075B529 /* StandardTextField.swift */; };
		B3B65F632BA3D982003DF164 /* FamiliarApp.swift in Sources */ = {isa = PBXBuildFile; fileRef = B3B65F622BA3D982003DF164 /* FamiliarApp.swift */; };
		B3B65F652BA3D982003DF164 /* ContentView.swift in Sources */ = {isa = PBXBuildFile; fileRef = B3B65F642BA3D982003DF164 /* ContentView.swift */; };
		B3B65F672BA3D983003DF164 /* Assets.xcassets in Resources */ = {isa = PBXBuildFile; fileRef = B3B65F662BA3D983003DF164 /* Assets.xcassets */; };
		B3B65F6A2BA3D983003DF164 /* Preview Assets.xcassets in Resources */ = {isa = PBXBuildFile; fileRef = B3B65F692BA3D983003DF164 /* Preview Assets.xcassets */; };
		B3B65F8F2BA3EAE3003DF164 /* Pretendard-Black.ttf in Resources */ = {isa = PBXBuildFile; fileRef = B3B65F862BA3EAE2003DF164 /* Pretendard-Black.ttf */; };
		B3B65F902BA3EAE3003DF164 /* Pretendard-SemiBold.ttf in Resources */ = {isa = PBXBuildFile; fileRef = B3B65F872BA3EAE3003DF164 /* Pretendard-SemiBold.ttf */; };
		B3B65F912BA3EAE3003DF164 /* Pretendard-Light.ttf in Resources */ = {isa = PBXBuildFile; fileRef = B3B65F882BA3EAE3003DF164 /* Pretendard-Light.ttf */; };
		B3B65F922BA3EAE3003DF164 /* Pretendard-Bold.ttf in Resources */ = {isa = PBXBuildFile; fileRef = B3B65F892BA3EAE3003DF164 /* Pretendard-Bold.ttf */; };
		B3B65F932BA3EAE3003DF164 /* Pretendard-Medium.ttf in Resources */ = {isa = PBXBuildFile; fileRef = B3B65F8A2BA3EAE3003DF164 /* Pretendard-Medium.ttf */; };
		B3B65F942BA3EAE3003DF164 /* Pretendard-ExtraLight.ttf in Resources */ = {isa = PBXBuildFile; fileRef = B3B65F8B2BA3EAE3003DF164 /* Pretendard-ExtraLight.ttf */; };
		B3B65F952BA3EAE3003DF164 /* Pretendard-Regular.ttf in Resources */ = {isa = PBXBuildFile; fileRef = B3B65F8C2BA3EAE3003DF164 /* Pretendard-Regular.ttf */; };
		B3B65F962BA3EAE3003DF164 /* Pretendard-Thin.ttf in Resources */ = {isa = PBXBuildFile; fileRef = B3B65F8D2BA3EAE3003DF164 /* Pretendard-Thin.ttf */; };
		B3B65F972BA3EAE3003DF164 /* Pretendard-ExtraBold.ttf in Resources */ = {isa = PBXBuildFile; fileRef = B3B65F8E2BA3EAE3003DF164 /* Pretendard-ExtraBold.ttf */; };
		B3B65F9A2BA3ECD5003DF164 /* Extension.swift in Sources */ = {isa = PBXBuildFile; fileRef = B3B65F992BA3ECD5003DF164 /* Extension.swift */; };
		EAD8394C2B54C1CD2CC4EC8A /* Pods_Familiars.framework in Frameworks */ = {isa = PBXBuildFile; fileRef = D6C94A09606F0AB3E7B257FB /* Pods_Familiars.framework */; };
/* End PBXBuildFile section */

/* Begin PBXFileReference section */
		A52869940D083A69147F0B86 /* Pods-Familiars.debug.xcconfig */ = {isa = PBXFileReference; includeInIndex = 1; lastKnownFileType = text.xcconfig; name = "Pods-Familiars.debug.xcconfig"; path = "Target Support Files/Pods-Familiars/Pods-Familiars.debug.xcconfig"; sourceTree = "<group>"; };
		B34AA01E2BA431D00069CDCB /* LoginView.swift */ = {isa = PBXFileReference; lastKnownFileType = sourcecode.swift; path = LoginView.swift; sourceTree = "<group>"; };
		B34AA0202BA43E850069CDCB /* Constants.swift */ = {isa = PBXFileReference; lastKnownFileType = sourcecode.swift; path = Constants.swift; sourceTree = "<group>"; };
		B39F8F5E2BA4B58B0075B529 /* RegNicknameView.swift */ = {isa = PBXFileReference; lastKnownFileType = sourcecode.swift; path = RegNicknameView.swift; sourceTree = "<group>"; };
		B39F8F602BA4B5980075B529 /* RegBirthdayView.swift */ = {isa = PBXFileReference; lastKnownFileType = sourcecode.swift; path = RegBirthdayView.swift; sourceTree = "<group>"; };
		B39F8F622BA4B5A40075B529 /* RegProfileView.swift */ = {isa = PBXFileReference; lastKnownFileType = sourcecode.swift; path = RegProfileView.swift; sourceTree = "<group>"; };
		B39F8F642BA4B5AD0075B529 /* RegTermView.swift */ = {isa = PBXFileReference; lastKnownFileType = sourcecode.swift; path = RegTermView.swift; sourceTree = "<group>"; };
		B39F8F662BA4B5B90075B529 /* RegEndingView.swift */ = {isa = PBXFileReference; lastKnownFileType = sourcecode.swift; path = RegEndingView.swift; sourceTree = "<group>"; };
		B39F8F692BA569470075B529 /* StandardTextField.swift */ = {isa = PBXFileReference; lastKnownFileType = sourcecode.swift; path = StandardTextField.swift; sourceTree = "<group>"; };
		B3B65F5F2BA3D982003DF164 /* Familiar.app */ = {isa = PBXFileReference; explicitFileType = wrapper.application; includeInIndex = 0; path = Familiar.app; sourceTree = BUILT_PRODUCTS_DIR; };
		B3B65F622BA3D982003DF164 /* FamiliarApp.swift */ = {isa = PBXFileReference; lastKnownFileType = sourcecode.swift; path = FamiliarApp.swift; sourceTree = "<group>"; };
		B3B65F642BA3D982003DF164 /* ContentView.swift */ = {isa = PBXFileReference; lastKnownFileType = sourcecode.swift; path = ContentView.swift; sourceTree = "<group>"; };
		B3B65F662BA3D983003DF164 /* Assets.xcassets */ = {isa = PBXFileReference; lastKnownFileType = folder.assetcatalog; path = Assets.xcassets; sourceTree = "<group>"; };
		B3B65F692BA3D983003DF164 /* Preview Assets.xcassets */ = {isa = PBXFileReference; lastKnownFileType = folder.assetcatalog; path = "Preview Assets.xcassets"; sourceTree = "<group>"; };
		B3B65F862BA3EAE2003DF164 /* Pretendard-Black.ttf */ = {isa = PBXFileReference; lastKnownFileType = file; path = "Pretendard-Black.ttf"; sourceTree = "<group>"; };
		B3B65F872BA3EAE3003DF164 /* Pretendard-SemiBold.ttf */ = {isa = PBXFileReference; lastKnownFileType = file; path = "Pretendard-SemiBold.ttf"; sourceTree = "<group>"; };
		B3B65F882BA3EAE3003DF164 /* Pretendard-Light.ttf */ = {isa = PBXFileReference; lastKnownFileType = file; path = "Pretendard-Light.ttf"; sourceTree = "<group>"; };
		B3B65F892BA3EAE3003DF164 /* Pretendard-Bold.ttf */ = {isa = PBXFileReference; lastKnownFileType = file; path = "Pretendard-Bold.ttf"; sourceTree = "<group>"; };
		B3B65F8A2BA3EAE3003DF164 /* Pretendard-Medium.ttf */ = {isa = PBXFileReference; lastKnownFileType = file; path = "Pretendard-Medium.ttf"; sourceTree = "<group>"; };
		B3B65F8B2BA3EAE3003DF164 /* Pretendard-ExtraLight.ttf */ = {isa = PBXFileReference; lastKnownFileType = file; path = "Pretendard-ExtraLight.ttf"; sourceTree = "<group>"; };
		B3B65F8C2BA3EAE3003DF164 /* Pretendard-Regular.ttf */ = {isa = PBXFileReference; lastKnownFileType = file; path = "Pretendard-Regular.ttf"; sourceTree = "<group>"; };
		B3B65F8D2BA3EAE3003DF164 /* Pretendard-Thin.ttf */ = {isa = PBXFileReference; lastKnownFileType = file; path = "Pretendard-Thin.ttf"; sourceTree = "<group>"; };
		B3B65F8E2BA3EAE3003DF164 /* Pretendard-ExtraBold.ttf */ = {isa = PBXFileReference; lastKnownFileType = file; path = "Pretendard-ExtraBold.ttf"; sourceTree = "<group>"; };
		B3B65F982BA3EBF7003DF164 /* Info.plist */ = {isa = PBXFileReference; lastKnownFileType = text.plist; path = Info.plist; sourceTree = "<group>"; };
		B3B65F992BA3ECD5003DF164 /* Extension.swift */ = {isa = PBXFileReference; lastKnownFileType = sourcecode.swift; path = Extension.swift; sourceTree = "<group>"; };
		CDE55BE0FC2288352D849FB1 /* Pods-Familiars.release.xcconfig */ = {isa = PBXFileReference; includeInIndex = 1; lastKnownFileType = text.xcconfig; name = "Pods-Familiars.release.xcconfig"; path = "Target Support Files/Pods-Familiars/Pods-Familiars.release.xcconfig"; sourceTree = "<group>"; };
		D6C94A09606F0AB3E7B257FB /* Pods_Familiars.framework */ = {isa = PBXFileReference; explicitFileType = wrapper.framework; includeInIndex = 0; path = Pods_Familiars.framework; sourceTree = BUILT_PRODUCTS_DIR; };
/* End PBXFileReference section */

/* Begin PBXFrameworksBuildPhase section */
		B3B65F5C2BA3D982003DF164 /* Frameworks */ = {
			isa = PBXFrameworksBuildPhase;
			buildActionMask = 2147483647;
			files = (
				EAD8394C2B54C1CD2CC4EC8A /* Pods_Familiars.framework in Frameworks */,
			);
			runOnlyForDeploymentPostprocessing = 0;
		};
/* End PBXFrameworksBuildPhase section */

/* Begin PBXGroup section */
		4E2CCCFED787B60C87160407 /* Frameworks */ = {
			isa = PBXGroup;
			children = (
				D6C94A09606F0AB3E7B257FB /* Pods_Familiars.framework */,
			);
			name = Frameworks;
			sourceTree = "<group>";
		};
		B39F8F682BA562440075B529 /* Components */ = {
			isa = PBXGroup;
			children = (
				B39F8F692BA569470075B529 /* StandardTextField.swift */,
			);
			path = Components;
			sourceTree = "<group>";
		};
		B3B65F562BA3D982003DF164 = {
			isa = PBXGroup;
			children = (
				B3B65F612BA3D982003DF164 /* Familiar */,
				B3B65F602BA3D982003DF164 /* Products */,
				E17ACAD4CEE37379D7383446 /* Pods */,
				4E2CCCFED787B60C87160407 /* Frameworks */,
			);
			sourceTree = "<group>";
		};
		B3B65F602BA3D982003DF164 /* Products */ = {
			isa = PBXGroup;
			children = (
				B3B65F5F2BA3D982003DF164 /* Familiar.app */,
			);
			name = Products;
			sourceTree = "<group>";
		};
		B3B65F612BA3D982003DF164 /* Familiar */ = {
			isa = PBXGroup;
			children = (
				B3B65F982BA3EBF7003DF164 /* Info.plist */,
				B3B65F762BA3E435003DF164 /* Application */,
				B3B65F752BA3E429003DF164 /* Resource */,
				B3B65F742BA3E420003DF164 /* Util */,
				B3B65F732BA3E40C003DF164 /* Presentation */,
				B3B65F722BA3E408003DF164 /* Data */,
				B3B65F712BA3E401003DF164 /* Domain */,
				B3B65F702BA3E3F3003DF164 /* Network */,
			);
			path = Familiar;
			sourceTree = "<group>";
		};
		B3B65F702BA3E3F3003DF164 /* Network */ = {
			isa = PBXGroup;
			children = (
			);
			path = Network;
			sourceTree = "<group>";
		};
		B3B65F712BA3E401003DF164 /* Domain */ = {
			isa = PBXGroup;
			children = (
				B3B65F842BA3E4F4003DF164 /* Entity */,
				B3B65F832BA3E4ED003DF164 /* UseCase */,
				B3B65F822BA3E4E5003DF164 /* Interface */,
			);
			path = Domain;
			sourceTree = "<group>";
		};
		B3B65F722BA3E408003DF164 /* Data */ = {
			isa = PBXGroup;
			children = (
				B3B65F812BA3E4D6003DF164 /* Repository */,
				B3B65F802BA3E4CD003DF164 /* UserDefaults */,
			);
			path = Data;
			sourceTree = "<group>";
		};
		B3B65F732BA3E40C003DF164 /* Presentation */ = {
			isa = PBXGroup;
			children = (
				B3B65F7F2BA3E4BB003DF164 /* CustomView */,
				B3B65F7E2BA3E4B1003DF164 /* Auth */,
				B3B65F7D2BA3E4AC003DF164 /* Home */,
				B3B65F7C2BA3E4A2003DF164 /* MyPage */,
			);
			path = Presentation;
			sourceTree = "<group>";
		};
		B3B65F742BA3E420003DF164 /* Util */ = {
			isa = PBXGroup;
			children = (
				B3B65F7B2BA3E497003DF164 /* Enum */,
				B3B65F7A2BA3E48E003DF164 /* Constant */,
				B3B65F792BA3E488003DF164 /* Extension */,
				B39F8F682BA562440075B529 /* Components */,
			);
			path = Util;
			sourceTree = "<group>";
		};
		B3B65F752BA3E429003DF164 /* Resource */ = {
			isa = PBXGroup;
			children = (
				B3B65F782BA3E44C003DF164 /* Assets */,
				B3B65F772BA3E446003DF164 /* Font */,
			);
			path = Resource;
			sourceTree = "<group>";
		};
		B3B65F762BA3E435003DF164 /* Application */ = {
			isa = PBXGroup;
			children = (
				B3B65F622BA3D982003DF164 /* FamiliarApp.swift */,
				B3B65F642BA3D982003DF164 /* ContentView.swift */,
			);
			path = Application;
			sourceTree = "<group>";
		};
		B3B65F772BA3E446003DF164 /* Font */ = {
			isa = PBXGroup;
			children = (
				B3B65F852BA3EAB1003DF164 /* Pretendard */,
			);
			path = Font;
			sourceTree = "<group>";
		};
		B3B65F782BA3E44C003DF164 /* Assets */ = {
			isa = PBXGroup;
			children = (
				B3B65F692BA3D983003DF164 /* Preview Assets.xcassets */,
				B3B65F662BA3D983003DF164 /* Assets.xcassets */,
			);
			path = Assets;
			sourceTree = "<group>";
		};
		B3B65F792BA3E488003DF164 /* Extension */ = {
			isa = PBXGroup;
			children = (
				B3B65F992BA3ECD5003DF164 /* Extension.swift */,
			);
			path = Extension;
			sourceTree = "<group>";
		};
		B3B65F7A2BA3E48E003DF164 /* Constant */ = {
			isa = PBXGroup;
			children = (
				B34AA0202BA43E850069CDCB /* Constants.swift */,
			);
			path = Constant;
			sourceTree = "<group>";
		};
		B3B65F7B2BA3E497003DF164 /* Enum */ = {
			isa = PBXGroup;
			children = (
			);
			path = Enum;
			sourceTree = "<group>";
		};
		B3B65F7C2BA3E4A2003DF164 /* MyPage */ = {
			isa = PBXGroup;
			children = (
			);
			path = MyPage;
			sourceTree = "<group>";
		};
		B3B65F7D2BA3E4AC003DF164 /* Home */ = {
			isa = PBXGroup;
			children = (
			);
			path = Home;
			sourceTree = "<group>";
		};
		B3B65F7E2BA3E4B1003DF164 /* Auth */ = {
			isa = PBXGroup;
			children = (
				B34AA01E2BA431D00069CDCB /* LoginView.swift */,
				B39F8F5E2BA4B58B0075B529 /* RegNicknameView.swift */,
				B39F8F602BA4B5980075B529 /* RegBirthdayView.swift */,
				B39F8F622BA4B5A40075B529 /* RegProfileView.swift */,
				B39F8F642BA4B5AD0075B529 /* RegTermView.swift */,
				B39F8F662BA4B5B90075B529 /* RegEndingView.swift */,
			);
			path = Auth;
			sourceTree = "<group>";
		};
		B3B65F7F2BA3E4BB003DF164 /* CustomView */ = {
			isa = PBXGroup;
			children = (
			);
			path = CustomView;
			sourceTree = "<group>";
		};
		B3B65F802BA3E4CD003DF164 /* UserDefaults */ = {
			isa = PBXGroup;
			children = (
			);
			path = UserDefaults;
			sourceTree = "<group>";
		};
		B3B65F812BA3E4D6003DF164 /* Repository */ = {
			isa = PBXGroup;
			children = (
			);
			path = Repository;
			sourceTree = "<group>";
		};
		B3B65F822BA3E4E5003DF164 /* Interface */ = {
			isa = PBXGroup;
			children = (
			);
			path = Interface;
			sourceTree = "<group>";
		};
		B3B65F832BA3E4ED003DF164 /* UseCase */ = {
			isa = PBXGroup;
			children = (
			);
			path = UseCase;
			sourceTree = "<group>";
		};
		B3B65F842BA3E4F4003DF164 /* Entity */ = {
			isa = PBXGroup;
			children = (
			);
			path = Entity;
			sourceTree = "<group>";
		};
		B3B65F852BA3EAB1003DF164 /* Pretendard */ = {
			isa = PBXGroup;
			children = (
				B3B65F8D2BA3EAE3003DF164 /* Pretendard-Thin.ttf */,
				B3B65F8B2BA3EAE3003DF164 /* Pretendard-ExtraLight.ttf */,
				B3B65F882BA3EAE3003DF164 /* Pretendard-Light.ttf */,
				B3B65F8C2BA3EAE3003DF164 /* Pretendard-Regular.ttf */,
				B3B65F8A2BA3EAE3003DF164 /* Pretendard-Medium.ttf */,
				B3B65F872BA3EAE3003DF164 /* Pretendard-SemiBold.ttf */,
				B3B65F892BA3EAE3003DF164 /* Pretendard-Bold.ttf */,
				B3B65F8E2BA3EAE3003DF164 /* Pretendard-ExtraBold.ttf */,
				B3B65F862BA3EAE2003DF164 /* Pretendard-Black.ttf */,
			);
			path = Pretendard;
			sourceTree = "<group>";
		};
		E17ACAD4CEE37379D7383446 /* Pods */ = {
			isa = PBXGroup;
			children = (
				A52869940D083A69147F0B86 /* Pods-Familiars.debug.xcconfig */,
				CDE55BE0FC2288352D849FB1 /* Pods-Familiars.release.xcconfig */,
			);
			path = Pods;
			sourceTree = "<group>";
		};
/* End PBXGroup section */

/* Begin PBXNativeTarget section */
		B3B65F5E2BA3D982003DF164 /* Familiar */ = {
			isa = PBXNativeTarget;
			buildConfigurationList = B3B65F6D2BA3D983003DF164 /* Build configuration list for PBXNativeTarget "Familiar" */;
			buildPhases = (
				F85ABD9A0298955568F801FA /* [CP] Check Pods Manifest.lock */,
				B3B65F5B2BA3D982003DF164 /* Sources */,
				B3B65F5C2BA3D982003DF164 /* Frameworks */,
				B3B65F5D2BA3D982003DF164 /* Resources */,
				872F4578725E873EF38AA4E0 /* [CP] Embed Pods Frameworks */,
			);
			buildRules = (
			);
			dependencies = (
			);
			name = Familiar;
			productName = Familiars;
			productReference = B3B65F5F2BA3D982003DF164 /* Familiar.app */;
			productType = "com.apple.product-type.application";
		};
/* End PBXNativeTarget section */

/* Begin PBXProject section */
		B3B65F572BA3D982003DF164 /* Project object */ = {
			isa = PBXProject;
			attributes = {
				BuildIndependentTargetsInParallel = 1;
				LastSwiftUpdateCheck = 1530;
				LastUpgradeCheck = 1530;
				TargetAttributes = {
					B3B65F5E2BA3D982003DF164 = {
						CreatedOnToolsVersion = 15.3;
					};
				};
			};
			buildConfigurationList = B3B65F5A2BA3D982003DF164 /* Build configuration list for PBXProject "Familiar" */;
			compatibilityVersion = "Xcode 14.0";
			developmentRegion = en;
			hasScannedForEncodings = 0;
			knownRegions = (
				en,
				Base,
			);
			mainGroup = B3B65F562BA3D982003DF164;
			productRefGroup = B3B65F602BA3D982003DF164 /* Products */;
			projectDirPath = "";
			projectRoot = "";
			targets = (
				B3B65F5E2BA3D982003DF164 /* Familiar */,
			);
		};
/* End PBXProject section */

/* Begin PBXResourcesBuildPhase section */
		B3B65F5D2BA3D982003DF164 /* Resources */ = {
			isa = PBXResourcesBuildPhase;
			buildActionMask = 2147483647;
			files = (
				B3B65F902BA3EAE3003DF164 /* Pretendard-SemiBold.ttf in Resources */,
				B3B65F6A2BA3D983003DF164 /* Preview Assets.xcassets in Resources */,
				B3B65F972BA3EAE3003DF164 /* Pretendard-ExtraBold.ttf in Resources */,
				B3B65F672BA3D983003DF164 /* Assets.xcassets in Resources */,
				B3B65F912BA3EAE3003DF164 /* Pretendard-Light.ttf in Resources */,
				B3B65F922BA3EAE3003DF164 /* Pretendard-Bold.ttf in Resources */,
				B3B65F952BA3EAE3003DF164 /* Pretendard-Regular.ttf in Resources */,
				B3B65F962BA3EAE3003DF164 /* Pretendard-Thin.ttf in Resources */,
				B3B65F932BA3EAE3003DF164 /* Pretendard-Medium.ttf in Resources */,
				B3B65F8F2BA3EAE3003DF164 /* Pretendard-Black.ttf in Resources */,
				B3B65F942BA3EAE3003DF164 /* Pretendard-ExtraLight.ttf in Resources */,
			);
			runOnlyForDeploymentPostprocessing = 0;
		};
/* End PBXResourcesBuildPhase section */

/* Begin PBXShellScriptBuildPhase section */
		872F4578725E873EF38AA4E0 /* [CP] Embed Pods Frameworks */ = {
			isa = PBXShellScriptBuildPhase;
			buildActionMask = 2147483647;
			files = (
			);
			inputFileListPaths = (
				"${PODS_ROOT}/Target Support Files/Pods-Familiars/Pods-Familiars-frameworks-${CONFIGURATION}-input-files.xcfilelist",
			);
			name = "[CP] Embed Pods Frameworks";
			outputFileListPaths = (
				"${PODS_ROOT}/Target Support Files/Pods-Familiars/Pods-Familiars-frameworks-${CONFIGURATION}-output-files.xcfilelist",
			);
			runOnlyForDeploymentPostprocessing = 0;
			shellPath = /bin/sh;
			shellScript = "\"${PODS_ROOT}/Target Support Files/Pods-Familiars/Pods-Familiars-frameworks.sh\"\n";
			showEnvVarsInLog = 0;
		};
		F85ABD9A0298955568F801FA /* [CP] Check Pods Manifest.lock */ = {
			isa = PBXShellScriptBuildPhase;
			buildActionMask = 2147483647;
			files = (
			);
			inputFileListPaths = (
			);
			inputPaths = (
				"${PODS_PODFILE_DIR_PATH}/Podfile.lock",
				"${PODS_ROOT}/Manifest.lock",
			);
			name = "[CP] Check Pods Manifest.lock";
			outputFileListPaths = (
			);
			outputPaths = (
				"$(DERIVED_FILE_DIR)/Pods-Familiars-checkManifestLockResult.txt",
			);
			runOnlyForDeploymentPostprocessing = 0;
			shellPath = /bin/sh;
			shellScript = "diff \"${PODS_PODFILE_DIR_PATH}/Podfile.lock\" \"${PODS_ROOT}/Manifest.lock\" > /dev/null\nif [ $? != 0 ] ; then\n    # print error to STDERR\n    echo \"error: The sandbox is not in sync with the Podfile.lock. Run 'pod install' or update your CocoaPods installation.\" >&2\n    exit 1\nfi\n# This output is used by Xcode 'outputs' to avoid re-running this script phase.\necho \"SUCCESS\" > \"${SCRIPT_OUTPUT_FILE_0}\"\n";
			showEnvVarsInLog = 0;
		};
/* End PBXShellScriptBuildPhase section */

/* Begin PBXSourcesBuildPhase section */
		B3B65F5B2BA3D982003DF164 /* Sources */ = {
			isa = PBXSourcesBuildPhase;
			buildActionMask = 2147483647;
			files = (
				B3B65F9A2BA3ECD5003DF164 /* Extension.swift in Sources */,
				B39F8F652BA4B5AD0075B529 /* RegTermView.swift in Sources */,
				B39F8F632BA4B5A40075B529 /* RegProfileView.swift in Sources */,
				B39F8F612BA4B5980075B529 /* RegBirthdayView.swift in Sources */,
				B3B65F652BA3D982003DF164 /* ContentView.swift in Sources */,
				B39F8F6A2BA569470075B529 /* StandardTextField.swift in Sources */,
				B34AA0212BA43E850069CDCB /* Constants.swift in Sources */,
				B39F8F672BA4B5B90075B529 /* RegEndingView.swift in Sources */,
				B39F8F5F2BA4B58B0075B529 /* RegNicknameView.swift in Sources */,
				B34AA01F2BA431D00069CDCB /* LoginView.swift in Sources */,
				B3B65F632BA3D982003DF164 /* FamiliarApp.swift in Sources */,
			);
			runOnlyForDeploymentPostprocessing = 0;
		};
/* End PBXSourcesBuildPhase section */

/* Begin XCBuildConfiguration section */
		B3B65F6B2BA3D983003DF164 /* Debug */ = {
			isa = XCBuildConfiguration;
			buildSettings = {
				ALWAYS_SEARCH_USER_PATHS = NO;
				ASSETCATALOG_COMPILER_GENERATE_SWIFT_ASSET_SYMBOL_EXTENSIONS = YES;
				CLANG_ANALYZER_NONNULL = YES;
				CLANG_ANALYZER_NUMBER_OBJECT_CONVERSION = YES_AGGRESSIVE;
				CLANG_CXX_LANGUAGE_STANDARD = "gnu++20";
				CLANG_ENABLE_MODULES = YES;
				CLANG_ENABLE_OBJC_ARC = YES;
				CLANG_ENABLE_OBJC_WEAK = YES;
				CLANG_WARN_BLOCK_CAPTURE_AUTORELEASING = YES;
				CLANG_WARN_BOOL_CONVERSION = YES;
				CLANG_WARN_COMMA = YES;
				CLANG_WARN_CONSTANT_CONVERSION = YES;
				CLANG_WARN_DEPRECATED_OBJC_IMPLEMENTATIONS = YES;
				CLANG_WARN_DIRECT_OBJC_ISA_USAGE = YES_ERROR;
				CLANG_WARN_DOCUMENTATION_COMMENTS = YES;
				CLANG_WARN_EMPTY_BODY = YES;
				CLANG_WARN_ENUM_CONVERSION = YES;
				CLANG_WARN_INFINITE_RECURSION = YES;
				CLANG_WARN_INT_CONVERSION = YES;
				CLANG_WARN_NON_LITERAL_NULL_CONVERSION = YES;
				CLANG_WARN_OBJC_IMPLICIT_RETAIN_SELF = YES;
				CLANG_WARN_OBJC_LITERAL_CONVERSION = YES;
				CLANG_WARN_OBJC_ROOT_CLASS = YES_ERROR;
				CLANG_WARN_QUOTED_INCLUDE_IN_FRAMEWORK_HEADER = YES;
				CLANG_WARN_RANGE_LOOP_ANALYSIS = YES;
				CLANG_WARN_STRICT_PROTOTYPES = YES;
				CLANG_WARN_SUSPICIOUS_MOVE = YES;
				CLANG_WARN_UNGUARDED_AVAILABILITY = YES_AGGRESSIVE;
				CLANG_WARN_UNREACHABLE_CODE = YES;
				CLANG_WARN__DUPLICATE_METHOD_MATCH = YES;
				COPY_PHASE_STRIP = NO;
				DEBUG_INFORMATION_FORMAT = dwarf;
				ENABLE_STRICT_OBJC_MSGSEND = YES;
				ENABLE_TESTABILITY = YES;
				ENABLE_USER_SCRIPT_SANDBOXING = NO;
				GCC_C_LANGUAGE_STANDARD = gnu17;
				GCC_DYNAMIC_NO_PIC = NO;
				GCC_NO_COMMON_BLOCKS = YES;
				GCC_OPTIMIZATION_LEVEL = 0;
				GCC_PREPROCESSOR_DEFINITIONS = (
					"DEBUG=1",
					"$(inherited)",
				);
				GCC_WARN_64_TO_32_BIT_CONVERSION = YES;
				GCC_WARN_ABOUT_RETURN_TYPE = YES_ERROR;
				GCC_WARN_UNDECLARED_SELECTOR = YES;
				GCC_WARN_UNINITIALIZED_AUTOS = YES_AGGRESSIVE;
				GCC_WARN_UNUSED_FUNCTION = YES;
				GCC_WARN_UNUSED_VARIABLE = YES;
				IPHONEOS_DEPLOYMENT_TARGET = 17.4;
				LOCALIZATION_PREFERS_STRING_CATALOGS = YES;
				MTL_ENABLE_DEBUG_INFO = INCLUDE_SOURCE;
				MTL_FAST_MATH = YES;
				ONLY_ACTIVE_ARCH = YES;
				SDKROOT = iphoneos;
				SWIFT_ACTIVE_COMPILATION_CONDITIONS = "DEBUG $(inherited)";
				SWIFT_OPTIMIZATION_LEVEL = "-Onone";
			};
			name = Debug;
		};
		B3B65F6C2BA3D983003DF164 /* Release */ = {
			isa = XCBuildConfiguration;
			buildSettings = {
				ALWAYS_SEARCH_USER_PATHS = NO;
				ASSETCATALOG_COMPILER_GENERATE_SWIFT_ASSET_SYMBOL_EXTENSIONS = YES;
				CLANG_ANALYZER_NONNULL = YES;
				CLANG_ANALYZER_NUMBER_OBJECT_CONVERSION = YES_AGGRESSIVE;
				CLANG_CXX_LANGUAGE_STANDARD = "gnu++20";
				CLANG_ENABLE_MODULES = YES;
				CLANG_ENABLE_OBJC_ARC = YES;
				CLANG_ENABLE_OBJC_WEAK = YES;
				CLANG_WARN_BLOCK_CAPTURE_AUTORELEASING = YES;
				CLANG_WARN_BOOL_CONVERSION = YES;
				CLANG_WARN_COMMA = YES;
				CLANG_WARN_CONSTANT_CONVERSION = YES;
				CLANG_WARN_DEPRECATED_OBJC_IMPLEMENTATIONS = YES;
				CLANG_WARN_DIRECT_OBJC_ISA_USAGE = YES_ERROR;
				CLANG_WARN_DOCUMENTATION_COMMENTS = YES;
				CLANG_WARN_EMPTY_BODY = YES;
				CLANG_WARN_ENUM_CONVERSION = YES;
				CLANG_WARN_INFINITE_RECURSION = YES;
				CLANG_WARN_INT_CONVERSION = YES;
				CLANG_WARN_NON_LITERAL_NULL_CONVERSION = YES;
				CLANG_WARN_OBJC_IMPLICIT_RETAIN_SELF = YES;
				CLANG_WARN_OBJC_LITERAL_CONVERSION = YES;
				CLANG_WARN_OBJC_ROOT_CLASS = YES_ERROR;
				CLANG_WARN_QUOTED_INCLUDE_IN_FRAMEWORK_HEADER = YES;
				CLANG_WARN_RANGE_LOOP_ANALYSIS = YES;
				CLANG_WARN_STRICT_PROTOTYPES = YES;
				CLANG_WARN_SUSPICIOUS_MOVE = YES;
				CLANG_WARN_UNGUARDED_AVAILABILITY = YES_AGGRESSIVE;
				CLANG_WARN_UNREACHABLE_CODE = YES;
				CLANG_WARN__DUPLICATE_METHOD_MATCH = YES;
				COPY_PHASE_STRIP = NO;
				DEBUG_INFORMATION_FORMAT = "dwarf-with-dsym";
				ENABLE_NS_ASSERTIONS = NO;
				ENABLE_STRICT_OBJC_MSGSEND = YES;
				ENABLE_USER_SCRIPT_SANDBOXING = NO;
				GCC_C_LANGUAGE_STANDARD = gnu17;
				GCC_NO_COMMON_BLOCKS = YES;
				GCC_WARN_64_TO_32_BIT_CONVERSION = YES;
				GCC_WARN_ABOUT_RETURN_TYPE = YES_ERROR;
				GCC_WARN_UNDECLARED_SELECTOR = YES;
				GCC_WARN_UNINITIALIZED_AUTOS = YES_AGGRESSIVE;
				GCC_WARN_UNUSED_FUNCTION = YES;
				GCC_WARN_UNUSED_VARIABLE = YES;
				IPHONEOS_DEPLOYMENT_TARGET = 17.4;
				LOCALIZATION_PREFERS_STRING_CATALOGS = YES;
				MTL_ENABLE_DEBUG_INFO = NO;
				MTL_FAST_MATH = YES;
				SDKROOT = iphoneos;
				SWIFT_COMPILATION_MODE = wholemodule;
				VALIDATE_PRODUCT = YES;
			};
			name = Release;
		};
		B3B65F6E2BA3D983003DF164 /* Debug */ = {
			isa = XCBuildConfiguration;
			baseConfigurationReference = A52869940D083A69147F0B86 /* Pods-Familiars.debug.xcconfig */;
			buildSettings = {
				ASSETCATALOG_COMPILER_APPICON_NAME = AppIcon;
				ASSETCATALOG_COMPILER_GLOBAL_ACCENT_COLOR_NAME = AccentColor;
				CODE_SIGN_STYLE = Automatic;
				CURRENT_PROJECT_VERSION = 1;
				DEVELOPMENT_ASSET_PATHS = "\"Familiars/Resource/Assets\"";
				DEVELOPMENT_TEAM = BB7N2YGU75;
				ENABLE_PREVIEWS = YES;
				GENERATE_INFOPLIST_FILE = YES;
				INFOPLIST_FILE = Familiars/Info.plist;
				INFOPLIST_KEY_UIApplicationSceneManifest_Generation = YES;
				INFOPLIST_KEY_UIApplicationSupportsIndirectInputEvents = YES;
				INFOPLIST_KEY_UILaunchScreen_Generation = YES;
				INFOPLIST_KEY_UISupportedInterfaceOrientations_iPad = "UIInterfaceOrientationPortrait UIInterfaceOrientationPortraitUpsideDown UIInterfaceOrientationLandscapeLeft UIInterfaceOrientationLandscapeRight";
				INFOPLIST_KEY_UISupportedInterfaceOrientations_iPhone = "UIInterfaceOrientationPortrait UIInterfaceOrientationLandscapeLeft UIInterfaceOrientationLandscapeRight";
				LD_RUNPATH_SEARCH_PATHS = (
					"$(inherited)",
					"@executable_path/Frameworks",
				);
				MARKETING_VERSION = 1.0;
				PRODUCT_BUNDLE_IDENTIFIER = com.ryuwon.Familiar;
				PRODUCT_NAME = "$(TARGET_NAME)";
				SWIFT_EMIT_LOC_STRINGS = YES;
				SWIFT_VERSION = 5.0;
				TARGETED_DEVICE_FAMILY = 1;
			};
			name = Debug;
		};
		B3B65F6F2BA3D983003DF164 /* Release */ = {
			isa = XCBuildConfiguration;
			baseConfigurationReference = CDE55BE0FC2288352D849FB1 /* Pods-Familiars.release.xcconfig */;
			buildSettings = {
				ASSETCATALOG_COMPILER_APPICON_NAME = AppIcon;
				ASSETCATALOG_COMPILER_GLOBAL_ACCENT_COLOR_NAME = AccentColor;
				CODE_SIGN_STYLE = Automatic;
				CURRENT_PROJECT_VERSION = 1;
				DEVELOPMENT_ASSET_PATHS = "\"Familiars/Resource/Assets\"";
				DEVELOPMENT_TEAM = BB7N2YGU75;
				ENABLE_PREVIEWS = YES;
				GENERATE_INFOPLIST_FILE = YES;
				INFOPLIST_FILE = Familiars/Info.plist;
				INFOPLIST_KEY_UIApplicationSceneManifest_Generation = YES;
				INFOPLIST_KEY_UIApplicationSupportsIndirectInputEvents = YES;
				INFOPLIST_KEY_UILaunchScreen_Generation = YES;
				INFOPLIST_KEY_UISupportedInterfaceOrientations_iPad = "UIInterfaceOrientationPortrait UIInterfaceOrientationPortraitUpsideDown UIInterfaceOrientationLandscapeLeft UIInterfaceOrientationLandscapeRight";
				INFOPLIST_KEY_UISupportedInterfaceOrientations_iPhone = "UIInterfaceOrientationPortrait UIInterfaceOrientationLandscapeLeft UIInterfaceOrientationLandscapeRight";
				LD_RUNPATH_SEARCH_PATHS = (
					"$(inherited)",
					"@executable_path/Frameworks",
				);
				MARKETING_VERSION = 1.0;
				PRODUCT_BUNDLE_IDENTIFIER = com.ryuwon.Familiar;
				PRODUCT_NAME = "$(TARGET_NAME)";
				SWIFT_EMIT_LOC_STRINGS = YES;
				SWIFT_VERSION = 5.0;
				TARGETED_DEVICE_FAMILY = 1;
			};
			name = Release;
		};
/* End XCBuildConfiguration section */

/* Begin XCConfigurationList section */
		B3B65F5A2BA3D982003DF164 /* Build configuration list for PBXProject "Familiar" */ = {
			isa = XCConfigurationList;
			buildConfigurations = (
				B3B65F6B2BA3D983003DF164 /* Debug */,
				B3B65F6C2BA3D983003DF164 /* Release */,
			);
			defaultConfigurationIsVisible = 0;
			defaultConfigurationName = Release;
		};
		B3B65F6D2BA3D983003DF164 /* Build configuration list for PBXNativeTarget "Familiar" */ = {
			isa = XCConfigurationList;
			buildConfigurations = (
				B3B65F6E2BA3D983003DF164 /* Debug */,
				B3B65F6F2BA3D983003DF164 /* Release */,
			);
			defaultConfigurationIsVisible = 0;
			defaultConfigurationName = Release;
		};
/* End XCConfigurationList section */
	};
	rootObject = B3B65F572BA3D982003DF164 /* Project object */;
}
