// !$*UTF8*$!
{
	archiveVersion = 1;
	classes = {
	};
	objectVersion = 56;
	objects = {

/* Begin PBXBuildFile section */
		0CE3E436E004D7E0AA870666 /* Pods_familiarsTests.framework in Frameworks */ = {isa = PBXBuildFile; fileRef = ED082DF871C8AAB1D0486CD4 /* Pods_familiarsTests.framework */; };
		1CA05447A3603CDDDF4F9693 /* Pods_familiars_familiarsUITests.framework in Frameworks */ = {isa = PBXBuildFile; fileRef = 589AE7B9A5E6073B57C99950 /* Pods_familiars_familiarsUITests.framework */; };
		ADF843AA3F3D14E206269F58 /* Pods_familiars.framework in Frameworks */ = {isa = PBXBuildFile; fileRef = ED512AF4E16A494714419DD3 /* Pods_familiars.framework */; };
		B348ABD42BA20A22002732D7 /* familiarsApp.swift in Sources */ = {isa = PBXBuildFile; fileRef = B348ABD32BA20A22002732D7 /* familiarsApp.swift */; };
		B348ABD62BA20A22002732D7 /* ContentView.swift in Sources */ = {isa = PBXBuildFile; fileRef = B348ABD52BA20A22002732D7 /* ContentView.swift */; };
		B348ABD82BA20A24002732D7 /* Assets.xcassets in Resources */ = {isa = PBXBuildFile; fileRef = B348ABD72BA20A24002732D7 /* Assets.xcassets */; };
		B348ABDB2BA20A24002732D7 /* Preview Assets.xcassets in Resources */ = {isa = PBXBuildFile; fileRef = B348ABDA2BA20A24002732D7 /* Preview Assets.xcassets */; };
		B348ABE52BA20A25002732D7 /* familiarsTests.swift in Sources */ = {isa = PBXBuildFile; fileRef = B348ABE42BA20A25002732D7 /* familiarsTests.swift */; };
		B348ABEF2BA20A25002732D7 /* familiarsUITests.swift in Sources */ = {isa = PBXBuildFile; fileRef = B348ABEE2BA20A25002732D7 /* familiarsUITests.swift */; };
		B348ABF12BA20A25002732D7 /* familiarsUITestsLaunchTests.swift in Sources */ = {isa = PBXBuildFile; fileRef = B348ABF02BA20A25002732D7 /* familiarsUITestsLaunchTests.swift */; };
/* End PBXBuildFile section */

/* Begin PBXContainerItemProxy section */
		B348ABE12BA20A25002732D7 /* PBXContainerItemProxy */ = {
			isa = PBXContainerItemProxy;
			containerPortal = B348ABC82BA20A22002732D7 /* Project object */;
			proxyType = 1;
			remoteGlobalIDString = B348ABCF2BA20A22002732D7;
			remoteInfo = familiars;
		};
		B348ABEB2BA20A25002732D7 /* PBXContainerItemProxy */ = {
			isa = PBXContainerItemProxy;
			containerPortal = B348ABC82BA20A22002732D7 /* Project object */;
			proxyType = 1;
			remoteGlobalIDString = B348ABCF2BA20A22002732D7;
			remoteInfo = familiars;
		};
/* End PBXContainerItemProxy section */

/* Begin PBXFileReference section */
		13B9AA4C1E5F22B22E1600A5 /* Pods-familiarsTests.debug.xcconfig */ = {isa = PBXFileReference; includeInIndex = 1; lastKnownFileType = text.xcconfig; name = "Pods-familiarsTests.debug.xcconfig"; path = "Target Support Files/Pods-familiarsTests/Pods-familiarsTests.debug.xcconfig"; sourceTree = "<group>"; };
		589AE7B9A5E6073B57C99950 /* Pods_familiars_familiarsUITests.framework */ = {isa = PBXFileReference; explicitFileType = wrapper.framework; includeInIndex = 0; path = Pods_familiars_familiarsUITests.framework; sourceTree = BUILT_PRODUCTS_DIR; };
		75698A5FEC68FCD2214BFBEA /* Pods-familiars.release.xcconfig */ = {isa = PBXFileReference; includeInIndex = 1; lastKnownFileType = text.xcconfig; name = "Pods-familiars.release.xcconfig"; path = "Target Support Files/Pods-familiars/Pods-familiars.release.xcconfig"; sourceTree = "<group>"; };
		76D4D09928DCD99FD58CB0ED /* Pods-familiars-familiarsUITests.debug.xcconfig */ = {isa = PBXFileReference; includeInIndex = 1; lastKnownFileType = text.xcconfig; name = "Pods-familiars-familiarsUITests.debug.xcconfig"; path = "Target Support Files/Pods-familiars-familiarsUITests/Pods-familiars-familiarsUITests.debug.xcconfig"; sourceTree = "<group>"; };
		928C30717F945A31AF94D080 /* Pods-familiars.debug.xcconfig */ = {isa = PBXFileReference; includeInIndex = 1; lastKnownFileType = text.xcconfig; name = "Pods-familiars.debug.xcconfig"; path = "Target Support Files/Pods-familiars/Pods-familiars.debug.xcconfig"; sourceTree = "<group>"; };
		B348ABD02BA20A22002732D7 /* familiars.app */ = {isa = PBXFileReference; explicitFileType = wrapper.application; includeInIndex = 0; path = familiars.app; sourceTree = BUILT_PRODUCTS_DIR; };
		B348ABD32BA20A22002732D7 /* familiarsApp.swift */ = {isa = PBXFileReference; lastKnownFileType = sourcecode.swift; path = familiarsApp.swift; sourceTree = "<group>"; };
		B348ABD52BA20A22002732D7 /* ContentView.swift */ = {isa = PBXFileReference; lastKnownFileType = sourcecode.swift; path = ContentView.swift; sourceTree = "<group>"; };
		B348ABD72BA20A24002732D7 /* Assets.xcassets */ = {isa = PBXFileReference; lastKnownFileType = folder.assetcatalog; path = Assets.xcassets; sourceTree = "<group>"; };
		B348ABDA2BA20A24002732D7 /* Preview Assets.xcassets */ = {isa = PBXFileReference; lastKnownFileType = folder.assetcatalog; path = "Preview Assets.xcassets"; sourceTree = "<group>"; };
		B348ABE02BA20A25002732D7 /* familiarsTests.xctest */ = {isa = PBXFileReference; explicitFileType = wrapper.cfbundle; includeInIndex = 0; path = familiarsTests.xctest; sourceTree = BUILT_PRODUCTS_DIR; };
		B348ABE42BA20A25002732D7 /* familiarsTests.swift */ = {isa = PBXFileReference; lastKnownFileType = sourcecode.swift; path = familiarsTests.swift; sourceTree = "<group>"; };
		B348ABEA2BA20A25002732D7 /* familiarsUITests.xctest */ = {isa = PBXFileReference; explicitFileType = wrapper.cfbundle; includeInIndex = 0; path = familiarsUITests.xctest; sourceTree = BUILT_PRODUCTS_DIR; };
		B348ABEE2BA20A25002732D7 /* familiarsUITests.swift */ = {isa = PBXFileReference; lastKnownFileType = sourcecode.swift; path = familiarsUITests.swift; sourceTree = "<group>"; };
		B348ABF02BA20A25002732D7 /* familiarsUITestsLaunchTests.swift */ = {isa = PBXFileReference; lastKnownFileType = sourcecode.swift; path = familiarsUITestsLaunchTests.swift; sourceTree = "<group>"; };
		C2690D1D29DF709040B04035 /* Pods-familiars-familiarsUITests.release.xcconfig */ = {isa = PBXFileReference; includeInIndex = 1; lastKnownFileType = text.xcconfig; name = "Pods-familiars-familiarsUITests.release.xcconfig"; path = "Target Support Files/Pods-familiars-familiarsUITests/Pods-familiars-familiarsUITests.release.xcconfig"; sourceTree = "<group>"; };
		E5A320CB47DF18A6A996BDAF /* Pods-familiarsTests.release.xcconfig */ = {isa = PBXFileReference; includeInIndex = 1; lastKnownFileType = text.xcconfig; name = "Pods-familiarsTests.release.xcconfig"; path = "Target Support Files/Pods-familiarsTests/Pods-familiarsTests.release.xcconfig"; sourceTree = "<group>"; };
		ED082DF871C8AAB1D0486CD4 /* Pods_familiarsTests.framework */ = {isa = PBXFileReference; explicitFileType = wrapper.framework; includeInIndex = 0; path = Pods_familiarsTests.framework; sourceTree = BUILT_PRODUCTS_DIR; };
		ED512AF4E16A494714419DD3 /* Pods_familiars.framework */ = {isa = PBXFileReference; explicitFileType = wrapper.framework; includeInIndex = 0; path = Pods_familiars.framework; sourceTree = BUILT_PRODUCTS_DIR; };
/* End PBXFileReference section */

/* Begin PBXFrameworksBuildPhase section */
		B348ABCD2BA20A22002732D7 /* Frameworks */ = {
			isa = PBXFrameworksBuildPhase;
			buildActionMask = 2147483647;
			files = (
				ADF843AA3F3D14E206269F58 /* Pods_familiars.framework in Frameworks */,
			);
			runOnlyForDeploymentPostprocessing = 0;
		};
		B348ABDD2BA20A25002732D7 /* Frameworks */ = {
			isa = PBXFrameworksBuildPhase;
			buildActionMask = 2147483647;
			files = (
				0CE3E436E004D7E0AA870666 /* Pods_familiarsTests.framework in Frameworks */,
			);
			runOnlyForDeploymentPostprocessing = 0;
		};
		B348ABE72BA20A25002732D7 /* Frameworks */ = {
			isa = PBXFrameworksBuildPhase;
			buildActionMask = 2147483647;
			files = (
				1CA05447A3603CDDDF4F9693 /* Pods_familiars_familiarsUITests.framework in Frameworks */,
			);
			runOnlyForDeploymentPostprocessing = 0;
		};
/* End PBXFrameworksBuildPhase section */

/* Begin PBXGroup section */
		B348ABC72BA20A22002732D7 = {
			isa = PBXGroup;
			children = (
				B348ABD22BA20A22002732D7 /* familiars */,
				B348ABE32BA20A25002732D7 /* familiarsTests */,
				B348ABED2BA20A25002732D7 /* familiarsUITests */,
				B348ABD12BA20A22002732D7 /* Products */,
				C303F809E50F7AD17156718F /* Pods */,
				DE5969A0A29E7AFEC5167B56 /* Frameworks */,
			);
			sourceTree = "<group>";
		};
		B348ABD12BA20A22002732D7 /* Products */ = {
			isa = PBXGroup;
			children = (
				B348ABD02BA20A22002732D7 /* familiars.app */,
				B348ABE02BA20A25002732D7 /* familiarsTests.xctest */,
				B348ABEA2BA20A25002732D7 /* familiarsUITests.xctest */,
			);
			name = Products;
			sourceTree = "<group>";
		};
		B348ABD22BA20A22002732D7 /* familiars */ = {
			isa = PBXGroup;
			children = (
				B3FEB5C22BA20B9200EFE7D5 /* Application */,
				B3FEB5C12BA20B8900EFE7D5 /* Resource */,
				B3FEB5C02BA20B8300EFE7D5 /* Util */,
				B3FEB5BF2BA20AA300EFE7D5 /* Presentation */,
				B3FEB5BE2BA20A9B00EFE7D5 /* Data */,
				B3FEB5BD2BA20A9200EFE7D5 /* Domain */,
				B3FEB5BC2BA20A8700EFE7D5 /* Network */,
			);
			path = familiars;
			sourceTree = "<group>";
		};
		B348ABE32BA20A25002732D7 /* familiarsTests */ = {
			isa = PBXGroup;
			children = (
				B348ABE42BA20A25002732D7 /* familiarsTests.swift */,
			);
			path = familiarsTests;
			sourceTree = "<group>";
		};
		B348ABED2BA20A25002732D7 /* familiarsUITests */ = {
			isa = PBXGroup;
			children = (
				B348ABEE2BA20A25002732D7 /* familiarsUITests.swift */,
				B348ABF02BA20A25002732D7 /* familiarsUITestsLaunchTests.swift */,
			);
			path = familiarsUITests;
			sourceTree = "<group>";
		};
		B3FEB5BC2BA20A8700EFE7D5 /* Network */ = {
			isa = PBXGroup;
			children = (
			);
			path = Network;
			sourceTree = "<group>";
		};
		B3FEB5BD2BA20A9200EFE7D5 /* Domain */ = {
			isa = PBXGroup;
			children = (
				B3FEB5C32BA20BD700EFE7D5 /* Entity */,
				B3FEB5C52BA20BE800EFE7D5 /* UseCase */,
				B3FEB5C42BA20BE100EFE7D5 /* Interface */,
			);
			path = Domain;
			sourceTree = "<group>";
		};
		B3FEB5BE2BA20A9B00EFE7D5 /* Data */ = {
			isa = PBXGroup;
			children = (
				B3FEB5C72BA20C0F00EFE7D5 /* Repository */,
				B3FEB5C62BA20C0000EFE7D5 /* UserDefaults */,
			);
			path = Data;
			sourceTree = "<group>";
		};
		B3FEB5BF2BA20AA300EFE7D5 /* Presentation */ = {
			isa = PBXGroup;
			children = (
				B3FEB5CB2BA20C3300EFE7D5 /* CustomView */,
				B3FEB5CA2BA20C2E00EFE7D5 /* Auth */,
				B3FEB5C92BA20C2900EFE7D5 /* Home */,
				B3FEB5C82BA20C2000EFE7D5 /* MyPage */,
			);
			path = Presentation;
			sourceTree = "<group>";
		};
		B3FEB5C02BA20B8300EFE7D5 /* Util */ = {
			isa = PBXGroup;
			children = (
				B3FEB5CE2BA20C5B00EFE7D5 /* Enum */,
				B3FEB5CD2BA20C5200EFE7D5 /* Constant */,
				B3FEB5CC2BA20C4A00EFE7D5 /* Extension */,
			);
			path = Util;
			sourceTree = "<group>";
		};
		B3FEB5C12BA20B8900EFE7D5 /* Resource */ = {
			isa = PBXGroup;
			children = (
				B3FEB5D02BA20C6B00EFE7D5 /* Assets */,
				B3FEB5CF2BA20C6600EFE7D5 /* Font */,
			);
			path = Resource;
			sourceTree = "<group>";
		};
		B3FEB5C22BA20B9200EFE7D5 /* Application */ = {
			isa = PBXGroup;
			children = (
				B348ABD32BA20A22002732D7 /* familiarsApp.swift */,
				B348ABD52BA20A22002732D7 /* ContentView.swift */,
			);
			path = Application;
			sourceTree = "<group>";
		};
		B3FEB5C32BA20BD700EFE7D5 /* Entity */ = {
			isa = PBXGroup;
			children = (
			);
			path = Entity;
			sourceTree = "<group>";
		};
		B3FEB5C42BA20BE100EFE7D5 /* Interface */ = {
			isa = PBXGroup;
			children = (
			);
			path = Interface;
			sourceTree = "<group>";
		};
		B3FEB5C52BA20BE800EFE7D5 /* UseCase */ = {
			isa = PBXGroup;
			children = (
			);
			path = UseCase;
			sourceTree = "<group>";
		};
		B3FEB5C62BA20C0000EFE7D5 /* UserDefaults */ = {
			isa = PBXGroup;
			children = (
			);
			path = UserDefaults;
			sourceTree = "<group>";
		};
		B3FEB5C72BA20C0F00EFE7D5 /* Repository */ = {
			isa = PBXGroup;
			children = (
			);
			path = Repository;
			sourceTree = "<group>";
		};
		B3FEB5C82BA20C2000EFE7D5 /* MyPage */ = {
			isa = PBXGroup;
			children = (
			);
			path = MyPage;
			sourceTree = "<group>";
		};
		B3FEB5C92BA20C2900EFE7D5 /* Home */ = {
			isa = PBXGroup;
			children = (
			);
			path = Home;
			sourceTree = "<group>";
		};
		B3FEB5CA2BA20C2E00EFE7D5 /* Auth */ = {
			isa = PBXGroup;
			children = (
			);
			path = Auth;
			sourceTree = "<group>";
		};
		B3FEB5CB2BA20C3300EFE7D5 /* CustomView */ = {
			isa = PBXGroup;
			children = (
			);
			path = CustomView;
			sourceTree = "<group>";
		};
		B3FEB5CC2BA20C4A00EFE7D5 /* Extension */ = {
			isa = PBXGroup;
			children = (
			);
			path = Extension;
			sourceTree = "<group>";
		};
		B3FEB5CD2BA20C5200EFE7D5 /* Constant */ = {
			isa = PBXGroup;
			children = (
			);
			path = Constant;
			sourceTree = "<group>";
		};
		B3FEB5CE2BA20C5B00EFE7D5 /* Enum */ = {
			isa = PBXGroup;
			children = (
			);
			path = Enum;
			sourceTree = "<group>";
		};
		B3FEB5CF2BA20C6600EFE7D5 /* Font */ = {
			isa = PBXGroup;
			children = (
			);
			path = Font;
			sourceTree = "<group>";
		};
		B3FEB5D02BA20C6B00EFE7D5 /* Assets */ = {
			isa = PBXGroup;
			children = (
				B348ABDA2BA20A24002732D7 /* Preview Assets.xcassets */,
				B348ABD72BA20A24002732D7 /* Assets.xcassets */,
			);
			path = Assets;
			sourceTree = "<group>";
		};
		C303F809E50F7AD17156718F /* Pods */ = {
			isa = PBXGroup;
			children = (
				928C30717F945A31AF94D080 /* Pods-familiars.debug.xcconfig */,
				75698A5FEC68FCD2214BFBEA /* Pods-familiars.release.xcconfig */,
				76D4D09928DCD99FD58CB0ED /* Pods-familiars-familiarsUITests.debug.xcconfig */,
				C2690D1D29DF709040B04035 /* Pods-familiars-familiarsUITests.release.xcconfig */,
				13B9AA4C1E5F22B22E1600A5 /* Pods-familiarsTests.debug.xcconfig */,
				E5A320CB47DF18A6A996BDAF /* Pods-familiarsTests.release.xcconfig */,
			);
			name = Pods;
			path = Pods;
			sourceTree = "<group>";
		};
		DE5969A0A29E7AFEC5167B56 /* Frameworks */ = {
			isa = PBXGroup;
			children = (
				ED512AF4E16A494714419DD3 /* Pods_familiars.framework */,
				589AE7B9A5E6073B57C99950 /* Pods_familiars_familiarsUITests.framework */,
				ED082DF871C8AAB1D0486CD4 /* Pods_familiarsTests.framework */,
			);
			name = Frameworks;
			sourceTree = "<group>";
		};
/* End PBXGroup section */

/* Begin PBXNativeTarget section */
		B348ABCF2BA20A22002732D7 /* familiars */ = {
			isa = PBXNativeTarget;
			buildConfigurationList = B348ABF42BA20A25002732D7 /* Build configuration list for PBXNativeTarget "familiars" */;
			buildPhases = (
				A73179B540A91B8F6AFBE35F /* [CP] Check Pods Manifest.lock */,
				B348ABCC2BA20A22002732D7 /* Sources */,
				B348ABCD2BA20A22002732D7 /* Frameworks */,
				B348ABCE2BA20A22002732D7 /* Resources */,
				152D433996B6788DEDAACED6 /* [CP] Embed Pods Frameworks */,
			);
			buildRules = (
			);
			dependencies = (
			);
			name = familiars;
			productName = familiars;
			productReference = B348ABD02BA20A22002732D7 /* familiars.app */;
			productType = "com.apple.product-type.application";
		};
		B348ABDF2BA20A25002732D7 /* familiarsTests */ = {
			isa = PBXNativeTarget;
			buildConfigurationList = B348ABF72BA20A25002732D7 /* Build configuration list for PBXNativeTarget "familiarsTests" */;
			buildPhases = (
				137CE2110C97BF6CBC495A1E /* [CP] Check Pods Manifest.lock */,
				B348ABDC2BA20A25002732D7 /* Sources */,
				B348ABDD2BA20A25002732D7 /* Frameworks */,
				B348ABDE2BA20A25002732D7 /* Resources */,
			);
			buildRules = (
			);
			dependencies = (
				B348ABE22BA20A25002732D7 /* PBXTargetDependency */,
			);
			name = familiarsTests;
			productName = familiarsTests;
			productReference = B348ABE02BA20A25002732D7 /* familiarsTests.xctest */;
			productType = "com.apple.product-type.bundle.unit-test";
		};
		B348ABE92BA20A25002732D7 /* familiarsUITests */ = {
			isa = PBXNativeTarget;
			buildConfigurationList = B348ABFA2BA20A25002732D7 /* Build configuration list for PBXNativeTarget "familiarsUITests" */;
			buildPhases = (
				B9BC8D08BC074A3321B63D5A /* [CP] Check Pods Manifest.lock */,
				B348ABE62BA20A25002732D7 /* Sources */,
				B348ABE72BA20A25002732D7 /* Frameworks */,
				B348ABE82BA20A25002732D7 /* Resources */,
				4CCF7853594DF7EDF2FD0685 /* [CP] Embed Pods Frameworks */,
			);
			buildRules = (
			);
			dependencies = (
				B348ABEC2BA20A25002732D7 /* PBXTargetDependency */,
			);
			name = familiarsUITests;
			productName = familiarsUITests;
			productReference = B348ABEA2BA20A25002732D7 /* familiarsUITests.xctest */;
			productType = "com.apple.product-type.bundle.ui-testing";
		};
/* End PBXNativeTarget section */

/* Begin PBXProject section */
		B348ABC82BA20A22002732D7 /* Project object */ = {
			isa = PBXProject;
			attributes = {
				BuildIndependentTargetsInParallel = 1;
				LastSwiftUpdateCheck = 1530;
				LastUpgradeCheck = 1530;
				TargetAttributes = {
					B348ABCF2BA20A22002732D7 = {
						CreatedOnToolsVersion = 15.3;
					};
					B348ABDF2BA20A25002732D7 = {
						CreatedOnToolsVersion = 15.3;
						TestTargetID = B348ABCF2BA20A22002732D7;
					};
					B348ABE92BA20A25002732D7 = {
						CreatedOnToolsVersion = 15.3;
						TestTargetID = B348ABCF2BA20A22002732D7;
					};
				};
			};
			buildConfigurationList = B348ABCB2BA20A22002732D7 /* Build configuration list for PBXProject "familiars" */;
			compatibilityVersion = "Xcode 14.0";
			developmentRegion = en;
			hasScannedForEncodings = 0;
			knownRegions = (
				en,
				Base,
			);
			mainGroup = B348ABC72BA20A22002732D7;
			productRefGroup = B348ABD12BA20A22002732D7 /* Products */;
			projectDirPath = "";
			projectRoot = "";
			targets = (
				B348ABCF2BA20A22002732D7 /* familiars */,
				B348ABDF2BA20A25002732D7 /* familiarsTests */,
				B348ABE92BA20A25002732D7 /* familiarsUITests */,
			);
		};
/* End PBXProject section */

/* Begin PBXResourcesBuildPhase section */
		B348ABCE2BA20A22002732D7 /* Resources */ = {
			isa = PBXResourcesBuildPhase;
			buildActionMask = 2147483647;
			files = (
				B348ABDB2BA20A24002732D7 /* Preview Assets.xcassets in Resources */,
				B348ABD82BA20A24002732D7 /* Assets.xcassets in Resources */,
			);
			runOnlyForDeploymentPostprocessing = 0;
		};
		B348ABDE2BA20A25002732D7 /* Resources */ = {
			isa = PBXResourcesBuildPhase;
			buildActionMask = 2147483647;
			files = (
			);
			runOnlyForDeploymentPostprocessing = 0;
		};
		B348ABE82BA20A25002732D7 /* Resources */ = {
			isa = PBXResourcesBuildPhase;
			buildActionMask = 2147483647;
			files = (
			);
			runOnlyForDeploymentPostprocessing = 0;
		};
/* End PBXResourcesBuildPhase section */

/* Begin PBXShellScriptBuildPhase section */
		137CE2110C97BF6CBC495A1E /* [CP] Check Pods Manifest.lock */ = {
			isa = PBXShellScriptBuildPhase;
			buildActionMask = 2147483647;
			files = (
			);
			inputFileListPaths = (
			);
			inputPaths = (
				"${PODS_PODFILE_DIR_PATH}/Podfile.lock",
				"${PODS_ROOT}/Manifest.lock",
			);
			name = "[CP] Check Pods Manifest.lock";
			outputFileListPaths = (
			);
			outputPaths = (
				"$(DERIVED_FILE_DIR)/Pods-familiarsTests-checkManifestLockResult.txt",
			);
			runOnlyForDeploymentPostprocessing = 0;
			shellPath = /bin/sh;
			shellScript = "diff \"${PODS_PODFILE_DIR_PATH}/Podfile.lock\" \"${PODS_ROOT}/Manifest.lock\" > /dev/null\nif [ $? != 0 ] ; then\n    # print error to STDERR\n    echo \"error: The sandbox is not in sync with the Podfile.lock. Run 'pod install' or update your CocoaPods installation.\" >&2\n    exit 1\nfi\n# This output is used by Xcode 'outputs' to avoid re-running this script phase.\necho \"SUCCESS\" > \"${SCRIPT_OUTPUT_FILE_0}\"\n";
			showEnvVarsInLog = 0;
		};
		152D433996B6788DEDAACED6 /* [CP] Embed Pods Frameworks */ = {
			isa = PBXShellScriptBuildPhase;
			buildActionMask = 2147483647;
			files = (
			);
			inputFileListPaths = (
				"${PODS_ROOT}/Target Support Files/Pods-familiars/Pods-familiars-frameworks-${CONFIGURATION}-input-files.xcfilelist",
			);
			name = "[CP] Embed Pods Frameworks";
			outputFileListPaths = (
				"${PODS_ROOT}/Target Support Files/Pods-familiars/Pods-familiars-frameworks-${CONFIGURATION}-output-files.xcfilelist",
			);
			runOnlyForDeploymentPostprocessing = 0;
			shellPath = /bin/sh;
			shellScript = "\"${PODS_ROOT}/Target Support Files/Pods-familiars/Pods-familiars-frameworks.sh\"\n";
			showEnvVarsInLog = 0;
		};
		4CCF7853594DF7EDF2FD0685 /* [CP] Embed Pods Frameworks */ = {
			isa = PBXShellScriptBuildPhase;
			buildActionMask = 2147483647;
			files = (
			);
			inputFileListPaths = (
				"${PODS_ROOT}/Target Support Files/Pods-familiars-familiarsUITests/Pods-familiars-familiarsUITests-frameworks-${CONFIGURATION}-input-files.xcfilelist",
			);
			name = "[CP] Embed Pods Frameworks";
			outputFileListPaths = (
				"${PODS_ROOT}/Target Support Files/Pods-familiars-familiarsUITests/Pods-familiars-familiarsUITests-frameworks-${CONFIGURATION}-output-files.xcfilelist",
			);
			runOnlyForDeploymentPostprocessing = 0;
			shellPath = /bin/sh;
			shellScript = "\"${PODS_ROOT}/Target Support Files/Pods-familiars-familiarsUITests/Pods-familiars-familiarsUITests-frameworks.sh\"\n";
			showEnvVarsInLog = 0;
		};
		A73179B540A91B8F6AFBE35F /* [CP] Check Pods Manifest.lock */ = {
			isa = PBXShellScriptBuildPhase;
			buildActionMask = 2147483647;
			files = (
			);
			inputFileListPaths = (
			);
			inputPaths = (
				"${PODS_PODFILE_DIR_PATH}/Podfile.lock",
				"${PODS_ROOT}/Manifest.lock",
			);
			name = "[CP] Check Pods Manifest.lock";
			outputFileListPaths = (
			);
			outputPaths = (
				"$(DERIVED_FILE_DIR)/Pods-familiars-checkManifestLockResult.txt",
			);
			runOnlyForDeploymentPostprocessing = 0;
			shellPath = /bin/sh;
			shellScript = "diff \"${PODS_PODFILE_DIR_PATH}/Podfile.lock\" \"${PODS_ROOT}/Manifest.lock\" > /dev/null\nif [ $? != 0 ] ; then\n    # print error to STDERR\n    echo \"error: The sandbox is not in sync with the Podfile.lock. Run 'pod install' or update your CocoaPods installation.\" >&2\n    exit 1\nfi\n# This output is used by Xcode 'outputs' to avoid re-running this script phase.\necho \"SUCCESS\" > \"${SCRIPT_OUTPUT_FILE_0}\"\n";
			showEnvVarsInLog = 0;
		};
		B9BC8D08BC074A3321B63D5A /* [CP] Check Pods Manifest.lock */ = {
			isa = PBXShellScriptBuildPhase;
			buildActionMask = 2147483647;
			files = (
			);
			inputFileListPaths = (
			);
			inputPaths = (
				"${PODS_PODFILE_DIR_PATH}/Podfile.lock",
				"${PODS_ROOT}/Manifest.lock",
			);
			name = "[CP] Check Pods Manifest.lock";
			outputFileListPaths = (
			);
			outputPaths = (
				"$(DERIVED_FILE_DIR)/Pods-familiars-familiarsUITests-checkManifestLockResult.txt",
			);
			runOnlyForDeploymentPostprocessing = 0;
			shellPath = /bin/sh;
			shellScript = "diff \"${PODS_PODFILE_DIR_PATH}/Podfile.lock\" \"${PODS_ROOT}/Manifest.lock\" > /dev/null\nif [ $? != 0 ] ; then\n    # print error to STDERR\n    echo \"error: The sandbox is not in sync with the Podfile.lock. Run 'pod install' or update your CocoaPods installation.\" >&2\n    exit 1\nfi\n# This output is used by Xcode 'outputs' to avoid re-running this script phase.\necho \"SUCCESS\" > \"${SCRIPT_OUTPUT_FILE_0}\"\n";
			showEnvVarsInLog = 0;
		};
/* End PBXShellScriptBuildPhase section */

/* Begin PBXSourcesBuildPhase section */
		B348ABCC2BA20A22002732D7 /* Sources */ = {
			isa = PBXSourcesBuildPhase;
			buildActionMask = 2147483647;
			files = (
				B348ABD62BA20A22002732D7 /* ContentView.swift in Sources */,
				B348ABD42BA20A22002732D7 /* familiarsApp.swift in Sources */,
			);
			runOnlyForDeploymentPostprocessing = 0;
		};
		B348ABDC2BA20A25002732D7 /* Sources */ = {
			isa = PBXSourcesBuildPhase;
			buildActionMask = 2147483647;
			files = (
				B348ABE52BA20A25002732D7 /* familiarsTests.swift in Sources */,
			);
			runOnlyForDeploymentPostprocessing = 0;
		};
		B348ABE62BA20A25002732D7 /* Sources */ = {
			isa = PBXSourcesBuildPhase;
			buildActionMask = 2147483647;
			files = (
				B348ABEF2BA20A25002732D7 /* familiarsUITests.swift in Sources */,
				B348ABF12BA20A25002732D7 /* familiarsUITestsLaunchTests.swift in Sources */,
			);
			runOnlyForDeploymentPostprocessing = 0;
		};
/* End PBXSourcesBuildPhase section */

/* Begin PBXTargetDependency section */
		B348ABE22BA20A25002732D7 /* PBXTargetDependency */ = {
			isa = PBXTargetDependency;
			target = B348ABCF2BA20A22002732D7 /* familiars */;
			targetProxy = B348ABE12BA20A25002732D7 /* PBXContainerItemProxy */;
		};
		B348ABEC2BA20A25002732D7 /* PBXTargetDependency */ = {
			isa = PBXTargetDependency;
			target = B348ABCF2BA20A22002732D7 /* familiars */;
			targetProxy = B348ABEB2BA20A25002732D7 /* PBXContainerItemProxy */;
		};
/* End PBXTargetDependency section */

/* Begin XCBuildConfiguration section */
		B348ABF22BA20A25002732D7 /* Debug */ = {
			isa = XCBuildConfiguration;
			buildSettings = {
				ALWAYS_SEARCH_USER_PATHS = NO;
				ASSETCATALOG_COMPILER_GENERATE_SWIFT_ASSET_SYMBOL_EXTENSIONS = YES;
				CLANG_ANALYZER_NONNULL = YES;
				CLANG_ANALYZER_NUMBER_OBJECT_CONVERSION = YES_AGGRESSIVE;
				CLANG_CXX_LANGUAGE_STANDARD = "gnu++20";
				CLANG_ENABLE_MODULES = YES;
				CLANG_ENABLE_OBJC_ARC = YES;
				CLANG_ENABLE_OBJC_WEAK = YES;
				CLANG_WARN_BLOCK_CAPTURE_AUTORELEASING = YES;
				CLANG_WARN_BOOL_CONVERSION = YES;
				CLANG_WARN_COMMA = YES;
				CLANG_WARN_CONSTANT_CONVERSION = YES;
				CLANG_WARN_DEPRECATED_OBJC_IMPLEMENTATIONS = YES;
				CLANG_WARN_DIRECT_OBJC_ISA_USAGE = YES_ERROR;
				CLANG_WARN_DOCUMENTATION_COMMENTS = YES;
				CLANG_WARN_EMPTY_BODY = YES;
				CLANG_WARN_ENUM_CONVERSION = YES;
				CLANG_WARN_INFINITE_RECURSION = YES;
				CLANG_WARN_INT_CONVERSION = YES;
				CLANG_WARN_NON_LITERAL_NULL_CONVERSION = YES;
				CLANG_WARN_OBJC_IMPLICIT_RETAIN_SELF = YES;
				CLANG_WARN_OBJC_LITERAL_CONVERSION = YES;
				CLANG_WARN_OBJC_ROOT_CLASS = YES_ERROR;
				CLANG_WARN_QUOTED_INCLUDE_IN_FRAMEWORK_HEADER = YES;
				CLANG_WARN_RANGE_LOOP_ANALYSIS = YES;
				CLANG_WARN_STRICT_PROTOTYPES = YES;
				CLANG_WARN_SUSPICIOUS_MOVE = YES;
				CLANG_WARN_UNGUARDED_AVAILABILITY = YES_AGGRESSIVE;
				CLANG_WARN_UNREACHABLE_CODE = YES;
				CLANG_WARN__DUPLICATE_METHOD_MATCH = YES;
				COPY_PHASE_STRIP = NO;
				DEBUG_INFORMATION_FORMAT = dwarf;
				ENABLE_STRICT_OBJC_MSGSEND = YES;
				ENABLE_TESTABILITY = YES;
				ENABLE_USER_SCRIPT_SANDBOXING = YES;
				GCC_C_LANGUAGE_STANDARD = gnu17;
				GCC_DYNAMIC_NO_PIC = NO;
				GCC_NO_COMMON_BLOCKS = YES;
				GCC_OPTIMIZATION_LEVEL = 0;
				GCC_PREPROCESSOR_DEFINITIONS = (
					"DEBUG=1",
					"$(inherited)",
				);
				GCC_WARN_64_TO_32_BIT_CONVERSION = YES;
				GCC_WARN_ABOUT_RETURN_TYPE = YES_ERROR;
				GCC_WARN_UNDECLARED_SELECTOR = YES;
				GCC_WARN_UNINITIALIZED_AUTOS = YES_AGGRESSIVE;
				GCC_WARN_UNUSED_FUNCTION = YES;
				GCC_WARN_UNUSED_VARIABLE = YES;
				IPHONEOS_DEPLOYMENT_TARGET = 17.4;
				LOCALIZATION_PREFERS_STRING_CATALOGS = YES;
				MTL_ENABLE_DEBUG_INFO = INCLUDE_SOURCE;
				MTL_FAST_MATH = YES;
				ONLY_ACTIVE_ARCH = YES;
				SDKROOT = iphoneos;
				SWIFT_ACTIVE_COMPILATION_CONDITIONS = "DEBUG $(inherited)";
				SWIFT_OPTIMIZATION_LEVEL = "-Onone";
			};
			name = Debug;
		};
		B348ABF32BA20A25002732D7 /* Release */ = {
			isa = XCBuildConfiguration;
			buildSettings = {
				ALWAYS_SEARCH_USER_PATHS = NO;
				ASSETCATALOG_COMPILER_GENERATE_SWIFT_ASSET_SYMBOL_EXTENSIONS = YES;
				CLANG_ANALYZER_NONNULL = YES;
				CLANG_ANALYZER_NUMBER_OBJECT_CONVERSION = YES_AGGRESSIVE;
				CLANG_CXX_LANGUAGE_STANDARD = "gnu++20";
				CLANG_ENABLE_MODULES = YES;
				CLANG_ENABLE_OBJC_ARC = YES;
				CLANG_ENABLE_OBJC_WEAK = YES;
				CLANG_WARN_BLOCK_CAPTURE_AUTORELEASING = YES;
				CLANG_WARN_BOOL_CONVERSION = YES;
				CLANG_WARN_COMMA = YES;
				CLANG_WARN_CONSTANT_CONVERSION = YES;
				CLANG_WARN_DEPRECATED_OBJC_IMPLEMENTATIONS = YES;
				CLANG_WARN_DIRECT_OBJC_ISA_USAGE = YES_ERROR;
				CLANG_WARN_DOCUMENTATION_COMMENTS = YES;
				CLANG_WARN_EMPTY_BODY = YES;
				CLANG_WARN_ENUM_CONVERSION = YES;
				CLANG_WARN_INFINITE_RECURSION = YES;
				CLANG_WARN_INT_CONVERSION = YES;
				CLANG_WARN_NON_LITERAL_NULL_CONVERSION = YES;
				CLANG_WARN_OBJC_IMPLICIT_RETAIN_SELF = YES;
				CLANG_WARN_OBJC_LITERAL_CONVERSION = YES;
				CLANG_WARN_OBJC_ROOT_CLASS = YES_ERROR;
				CLANG_WARN_QUOTED_INCLUDE_IN_FRAMEWORK_HEADER = YES;
				CLANG_WARN_RANGE_LOOP_ANALYSIS = YES;
				CLANG_WARN_STRICT_PROTOTYPES = YES;
				CLANG_WARN_SUSPICIOUS_MOVE = YES;
				CLANG_WARN_UNGUARDED_AVAILABILITY = YES_AGGRESSIVE;
				CLANG_WARN_UNREACHABLE_CODE = YES;
				CLANG_WARN__DUPLICATE_METHOD_MATCH = YES;
				COPY_PHASE_STRIP = NO;
				DEBUG_INFORMATION_FORMAT = "dwarf-with-dsym";
				ENABLE_NS_ASSERTIONS = NO;
				ENABLE_STRICT_OBJC_MSGSEND = YES;
				ENABLE_USER_SCRIPT_SANDBOXING = YES;
				GCC_C_LANGUAGE_STANDARD = gnu17;
				GCC_NO_COMMON_BLOCKS = YES;
				GCC_WARN_64_TO_32_BIT_CONVERSION = YES;
				GCC_WARN_ABOUT_RETURN_TYPE = YES_ERROR;
				GCC_WARN_UNDECLARED_SELECTOR = YES;
				GCC_WARN_UNINITIALIZED_AUTOS = YES_AGGRESSIVE;
				GCC_WARN_UNUSED_FUNCTION = YES;
				GCC_WARN_UNUSED_VARIABLE = YES;
				IPHONEOS_DEPLOYMENT_TARGET = 17.4;
				LOCALIZATION_PREFERS_STRING_CATALOGS = YES;
				MTL_ENABLE_DEBUG_INFO = NO;
				MTL_FAST_MATH = YES;
				SDKROOT = iphoneos;
				SWIFT_COMPILATION_MODE = wholemodule;
				VALIDATE_PRODUCT = YES;
			};
			name = Release;
		};
		B348ABF52BA20A25002732D7 /* Debug */ = {
			isa = XCBuildConfiguration;
			baseConfigurationReference = 928C30717F945A31AF94D080 /* Pods-familiars.debug.xcconfig */;
			buildSettings = {
				ASSETCATALOG_COMPILER_APPICON_NAME = AppIcon;
				ASSETCATALOG_COMPILER_GLOBAL_ACCENT_COLOR_NAME = AccentColor;
				CODE_SIGN_STYLE = Automatic;
				CURRENT_PROJECT_VERSION = 1;
				DEVELOPMENT_ASSET_PATHS = "\"familiars/Preview Content\"";
				DEVELOPMENT_TEAM = BB7N2YGU75;
				ENABLE_PREVIEWS = YES;
				GENERATE_INFOPLIST_FILE = YES;
				INFOPLIST_KEY_UIApplicationSceneManifest_Generation = YES;
				INFOPLIST_KEY_UIApplicationSupportsIndirectInputEvents = YES;
				INFOPLIST_KEY_UILaunchScreen_Generation = YES;
				INFOPLIST_KEY_UISupportedInterfaceOrientations_iPad = "UIInterfaceOrientationPortrait UIInterfaceOrientationPortraitUpsideDown UIInterfaceOrientationLandscapeLeft UIInterfaceOrientationLandscapeRight";
				INFOPLIST_KEY_UISupportedInterfaceOrientations_iPhone = "UIInterfaceOrientationPortrait UIInterfaceOrientationLandscapeLeft UIInterfaceOrientationLandscapeRight";
				LD_RUNPATH_SEARCH_PATHS = (
					"$(inherited)",
					"@executable_path/Frameworks",
				);
				MARKETING_VERSION = 1.0;
				PRODUCT_BUNDLE_IDENTIFIER = com.ryuwon.familiars;
				PRODUCT_NAME = "$(TARGET_NAME)";
				SWIFT_EMIT_LOC_STRINGS = YES;
				SWIFT_VERSION = 5.0;
				TARGETED_DEVICE_FAMILY = "1,2";
			};
			name = Debug;
		};
		B348ABF62BA20A25002732D7 /* Release */ = {
			isa = XCBuildConfiguration;
			baseConfigurationReference = 75698A5FEC68FCD2214BFBEA /* Pods-familiars.release.xcconfig */;
			buildSettings = {
				ASSETCATALOG_COMPILER_APPICON_NAME = AppIcon;
				ASSETCATALOG_COMPILER_GLOBAL_ACCENT_COLOR_NAME = AccentColor;
				CODE_SIGN_STYLE = Automatic;
				CURRENT_PROJECT_VERSION = 1;
				DEVELOPMENT_ASSET_PATHS = "\"familiars/Preview Content\"";
				DEVELOPMENT_TEAM = BB7N2YGU75;
				ENABLE_PREVIEWS = YES;
				GENERATE_INFOPLIST_FILE = YES;
				INFOPLIST_KEY_UIApplicationSceneManifest_Generation = YES;
				INFOPLIST_KEY_UIApplicationSupportsIndirectInputEvents = YES;
				INFOPLIST_KEY_UILaunchScreen_Generation = YES;
				INFOPLIST_KEY_UISupportedInterfaceOrientations_iPad = "UIInterfaceOrientationPortrait UIInterfaceOrientationPortraitUpsideDown UIInterfaceOrientationLandscapeLeft UIInterfaceOrientationLandscapeRight";
				INFOPLIST_KEY_UISupportedInterfaceOrientations_iPhone = "UIInterfaceOrientationPortrait UIInterfaceOrientationLandscapeLeft UIInterfaceOrientationLandscapeRight";
				LD_RUNPATH_SEARCH_PATHS = (
					"$(inherited)",
					"@executable_path/Frameworks",
				);
				MARKETING_VERSION = 1.0;
				PRODUCT_BUNDLE_IDENTIFIER = com.ryuwon.familiars;
				PRODUCT_NAME = "$(TARGET_NAME)";
				SWIFT_EMIT_LOC_STRINGS = YES;
				SWIFT_VERSION = 5.0;
				TARGETED_DEVICE_FAMILY = "1,2";
			};
			name = Release;
		};
		B348ABF82BA20A25002732D7 /* Debug */ = {
			isa = XCBuildConfiguration;
			baseConfigurationReference = 13B9AA4C1E5F22B22E1600A5 /* Pods-familiarsTests.debug.xcconfig */;
			buildSettings = {
				ALWAYS_EMBED_SWIFT_STANDARD_LIBRARIES = YES;
				BUNDLE_LOADER = "$(TEST_HOST)";
				CODE_SIGN_STYLE = Automatic;
				CURRENT_PROJECT_VERSION = 1;
				DEVELOPMENT_TEAM = BB7N2YGU75;
				GENERATE_INFOPLIST_FILE = YES;
				IPHONEOS_DEPLOYMENT_TARGET = 17.4;
				MARKETING_VERSION = 1.0;
				PRODUCT_BUNDLE_IDENTIFIER = com.ryuwon.familiarsTests;
				PRODUCT_NAME = "$(TARGET_NAME)";
				SWIFT_EMIT_LOC_STRINGS = NO;
				SWIFT_VERSION = 5.0;
				TARGETED_DEVICE_FAMILY = "1,2";
				TEST_HOST = "$(BUILT_PRODUCTS_DIR)/familiars.app/$(BUNDLE_EXECUTABLE_FOLDER_PATH)/familiars";
			};
			name = Debug;
		};
		B348ABF92BA20A25002732D7 /* Release */ = {
			isa = XCBuildConfiguration;
			baseConfigurationReference = E5A320CB47DF18A6A996BDAF /* Pods-familiarsTests.release.xcconfig */;
			buildSettings = {
				ALWAYS_EMBED_SWIFT_STANDARD_LIBRARIES = YES;
				BUNDLE_LOADER = "$(TEST_HOST)";
				CODE_SIGN_STYLE = Automatic;
				CURRENT_PROJECT_VERSION = 1;
				DEVELOPMENT_TEAM = BB7N2YGU75;
				GENERATE_INFOPLIST_FILE = YES;
				IPHONEOS_DEPLOYMENT_TARGET = 17.4;
				MARKETING_VERSION = 1.0;
				PRODUCT_BUNDLE_IDENTIFIER = com.ryuwon.familiarsTests;
				PRODUCT_NAME = "$(TARGET_NAME)";
				SWIFT_EMIT_LOC_STRINGS = NO;
				SWIFT_VERSION = 5.0;
				TARGETED_DEVICE_FAMILY = "1,2";
				TEST_HOST = "$(BUILT_PRODUCTS_DIR)/familiars.app/$(BUNDLE_EXECUTABLE_FOLDER_PATH)/familiars";
			};
			name = Release;
		};
		B348ABFB2BA20A25002732D7 /* Debug */ = {
			isa = XCBuildConfiguration;
			baseConfigurationReference = 76D4D09928DCD99FD58CB0ED /* Pods-familiars-familiarsUITests.debug.xcconfig */;
			buildSettings = {
				ALWAYS_EMBED_SWIFT_STANDARD_LIBRARIES = YES;
				CODE_SIGN_STYLE = Automatic;
				CURRENT_PROJECT_VERSION = 1;
				DEVELOPMENT_TEAM = BB7N2YGU75;
				GENERATE_INFOPLIST_FILE = YES;
				MARKETING_VERSION = 1.0;
				PRODUCT_BUNDLE_IDENTIFIER = com.ryuwon.familiarsUITests;
				PRODUCT_NAME = "$(TARGET_NAME)";
				SWIFT_EMIT_LOC_STRINGS = NO;
				SWIFT_VERSION = 5.0;
				TARGETED_DEVICE_FAMILY = "1,2";
				TEST_TARGET_NAME = familiars;
			};
			name = Debug;
		};
		B348ABFC2BA20A25002732D7 /* Release */ = {
			isa = XCBuildConfiguration;
			baseConfigurationReference = C2690D1D29DF709040B04035 /* Pods-familiars-familiarsUITests.release.xcconfig */;
			buildSettings = {
				ALWAYS_EMBED_SWIFT_STANDARD_LIBRARIES = YES;
				CODE_SIGN_STYLE = Automatic;
				CURRENT_PROJECT_VERSION = 1;
				DEVELOPMENT_TEAM = BB7N2YGU75;
				GENERATE_INFOPLIST_FILE = YES;
				MARKETING_VERSION = 1.0;
				PRODUCT_BUNDLE_IDENTIFIER = com.ryuwon.familiarsUITests;
				PRODUCT_NAME = "$(TARGET_NAME)";
				SWIFT_EMIT_LOC_STRINGS = NO;
				SWIFT_VERSION = 5.0;
				TARGETED_DEVICE_FAMILY = "1,2";
				TEST_TARGET_NAME = familiars;
			};
			name = Release;
		};
/* End XCBuildConfiguration section */

/* Begin XCConfigurationList section */
		B348ABCB2BA20A22002732D7 /* Build configuration list for PBXProject "familiars" */ = {
			isa = XCConfigurationList;
			buildConfigurations = (
				B348ABF22BA20A25002732D7 /* Debug */,
				B348ABF32BA20A25002732D7 /* Release */,
			);
			defaultConfigurationIsVisible = 0;
			defaultConfigurationName = Release;
		};
		B348ABF42BA20A25002732D7 /* Build configuration list for PBXNativeTarget "familiars" */ = {
			isa = XCConfigurationList;
			buildConfigurations = (
				B348ABF52BA20A25002732D7 /* Debug */,
				B348ABF62BA20A25002732D7 /* Release */,
			);
			defaultConfigurationIsVisible = 0;
			defaultConfigurationName = Release;
		};
		B348ABF72BA20A25002732D7 /* Build configuration list for PBXNativeTarget "familiarsTests" */ = {
			isa = XCConfigurationList;
			buildConfigurations = (
				B348ABF82BA20A25002732D7 /* Debug */,
				B348ABF92BA20A25002732D7 /* Release */,
			);
			defaultConfigurationIsVisible = 0;
			defaultConfigurationName = Release;
		};
		B348ABFA2BA20A25002732D7 /* Build configuration list for PBXNativeTarget "familiarsUITests" */ = {
			isa = XCConfigurationList;
			buildConfigurations = (
				B348ABFB2BA20A25002732D7 /* Debug */,
				B348ABFC2BA20A25002732D7 /* Release */,
			);
			defaultConfigurationIsVisible = 0;
			defaultConfigurationName = Release;
		};
/* End XCConfigurationList section */
	};
	rootObject = B348ABC82BA20A22002732D7 /* Project object */;
}
